{
  "version": 4,
  "terraform_version": "1.11.4",
  "serial": 19,
  "lineage": "16a5b6eb-8420-b7c8-badc-99b2726c79b6",
  "outputs": {
    "public_ip_address": {
      "value": "4.230.3.68",
      "type": "string"
    },
    "resource_group_name": {
      "value": "infmon",
      "type": "string"
    },
    "ssh_command": {
      "value": "ssh adminuser@4.230.3.68",
      "type": "string"
    }
  },
  "resources": [
    {
      "mode": "managed",
      "type": "azurerm_linux_virtual_machine",
      "name": "rg",
      "provider": "provider[\"registry.terraform.io/hashicorp/azurerm\"]",
      "instances": [
        {
          "schema_version": 0,
          "attributes": {
            "additional_capabilities": [],
            "admin_password": null,
            "admin_ssh_key": [
              {
                "public_key": "ssh-rsa AAAAB3NzaC1yc2EAAAADAQABAAACAQDXSAcuLuKygVcjj28YzPE2m9cJx3bPb3lP5SBkysZ3Dp0cW5ExQg5JOuhwHLA8oYT6z5xhFtrt6WYLoNuUjDlk1mreTDp4wI/6BSCE2XBN7tn0AqxD8YzQMmJKRTzFFYG6Hd1UWRTmbBdUmGMU+rAN6y6QCqDGfxsTtYCqlhIidB/jBLy9i0RUTwtGQwPH3VqrfGR9RyEdMeSu3e2t3b+LmCd8WIac09rornKSnZ9esWzgjSI4NUz/r0fPPcO872zDeZhgrlcY6EdZ0JXdtZGwWvBLooB7qj9h/toob9PfKnw0m3xNsJLNIp1Tpld4MyHrmDDHLfqjrHZbjhlD05FoRfs/VjOC0ENNjLdE9qHl8vElWgy+WV5VY08lnLyWKl2pucFrVlo4Dhu+BfkOfHL+Cglgd0nYmY4+D2wVLXtFXFkDJ9v/IOVXZrHfzAUdRpYBnWF1Ei295ndnl+kB0PMu4D2gzQV1ooQ67wF5lx16uBIjEIIGAOx1pICO3tF3uE5V3MIPu/KBUGhtI2Dt8tjbceKxg1NdBPxeBa4/lZpY6hsrCv9OMM7hwFkEc4q388BK98ULy3L2Z1FtJFaE9EHO5KLhM+V/045zrq8Qs4xY6Kuql5P/iapogwzPBxBfXK0JwEbbjb0lGTSXZydDxnbbq77VCXgU4tM9YAX8ardNaw== seoseungbeom@seoseungbeom-ui-MacBookPro.local\n",
                "username": "adminuser"
              }
            ],
            "admin_username": "adminuser",
            "allow_extension_operations": true,
            "availability_set_id": "",
            "boot_diagnostics": [],
            "computer_name": "infmon",
            "custom_data": null,
            "dedicated_host_group_id": "",
            "dedicated_host_id": "",
            "disable_password_authentication": true,
            "edge_zone": "",
            "encryption_at_host_enabled": false,
            "eviction_policy": "",
            "extensions_time_budget": "PT1H30M",
            "id": "/subscriptions/f9e52baa-506a-4ef6-859c-a459fd2f3865/resourceGroups/infmon/providers/Microsoft.Compute/virtualMachines/infmon",
            "identity": [],
            "license_type": "",
            "location": "koreacentral",
            "max_bid_price": -1,
            "name": "infmon",
            "network_interface_ids": [
              "/subscriptions/f9e52baa-506a-4ef6-859c-a459fd2f3865/resourceGroups/infmon/providers/Microsoft.Network/networkInterfaces/infmon"
            ],
            "os_disk": [
              {
                "caching": "ReadWrite",
                "diff_disk_settings": [],
                "disk_encryption_set_id": "",
                "disk_size_gb": 30,
                "name": "infmon_OsDisk_1_54fd98e9a3954976a32b5d28c6f2522a",
                "storage_account_type": "Standard_LRS",
                "write_accelerator_enabled": false
              }
            ],
            "patch_mode": "ImageDefault",
            "plan": [],
            "platform_fault_domain": -1,
            "priority": "Regular",
            "private_ip_address": "10.0.1.4",
            "private_ip_addresses": [
              "10.0.1.4"
            ],
            "provision_vm_agent": true,
            "proximity_placement_group_id": "",
            "public_ip_address": "4.217.234.60",
            "public_ip_addresses": [
              "4.217.234.60"
            ],
            "resource_group_name": "infmon",
            "secret": [],
            "secure_boot_enabled": false,
            "size": "Standard_D4s_v3",
            "source_image_id": "",
            "source_image_reference": [
              {
                "offer": "0001-com-ubuntu-server-jammy",
                "publisher": "Canonical",
                "sku": "22_04-lts-gen2",
                "version": "latest"
              }
            ],
            "tags": null,
            "termination_notification": null,
            "timeouts": null,
            "user_data": "",
            "virtual_machine_id": "abff1ad0-02f3-41f8-83e3-393363ef6356",
            "virtual_machine_scale_set_id": "",
            "vtpm_enabled": false,
            "zone": ""
          },
          "sensitive_attributes": [
            [
              {
                "type": "get_attr",
                "value": "custom_data"
              }
            ],
            [
              {
                "type": "get_attr",
                "value": "admin_password"
              }
            ]
          ],
          "private": "eyJlMmJmYjczMC1lY2FhLTExZTYtOGY4OC0zNDM2M2JjN2M0YzAiOnsiY3JlYXRlIjoyNzAwMDAwMDAwMDAwLCJkZWxldGUiOjI3MDAwMDAwMDAwMDAsInJlYWQiOjMwMDAwMDAwMDAwMCwidXBkYXRlIjoyNzAwMDAwMDAwMDAwfX0=",
          "dependencies": [
            "azurerm_network_interface.rg",
            "azurerm_public_ip.rg",
            "azurerm_resource_group.rg",
            "azurerm_subnet.rg",
            "azurerm_virtual_network.rg"
          ]
        }
      ]
    },
    {
      "mode": "managed",
      "type": "azurerm_network_interface",
      "name": "rg",
      "provider": "provider[\"registry.terraform.io/hashicorp/azurerm\"]",
      "instances": [
        {
          "schema_version": 0,
          "attributes": {
            "applied_dns_servers": [],
            "dns_servers": [],
            "edge_zone": "",
            "enable_accelerated_networking": false,
            "enable_ip_forwarding": false,
            "id": "/subscriptions/f9e52baa-506a-4ef6-859c-a459fd2f3865/resourceGroups/infmon/providers/Microsoft.Network/networkInterfaces/infmon",
            "internal_dns_name_label": "",
            "internal_domain_name_suffix": "py4fvdyn1ptevle1l3zm4ri33c.syx.internal.cloudapp.net",
            "ip_configuration": [
              {
                "gateway_load_balancer_frontend_ip_configuration_id": "",
                "name": "infmon",
                "primary": true,
                "private_ip_address": "10.0.1.4",
                "private_ip_address_allocation": "Dynamic",
                "private_ip_address_version": "IPv4",
                "public_ip_address_id": "/subscriptions/f9e52baa-506a-4ef6-859c-a459fd2f3865/resourceGroups/infmon/providers/Microsoft.Network/publicIPAddresses/infmon",
                "subnet_id": "/subscriptions/f9e52baa-506a-4ef6-859c-a459fd2f3865/resourceGroups/infmon/providers/Microsoft.Network/virtualNetworks/infmon/subnets/infmon"
              }
            ],
            "location": "koreacentral",
            "mac_address": "00-22-48-F8-34-23",
            "name": "infmon",
            "private_ip_address": "10.0.1.4",
            "private_ip_addresses": [
              "10.0.1.4"
            ],
            "resource_group_name": "infmon",
            "tags": {},
            "timeouts": null,
            "virtual_machine_id": "/subscriptions/f9e52baa-506a-4ef6-859c-a459fd2f3865/resourceGroups/infmon/providers/Microsoft.Compute/virtualMachines/infmon"
          },
          "sensitive_attributes": [],
          "private": "eyJlMmJmYjczMC1lY2FhLTExZTYtOGY4OC0zNDM2M2JjN2M0YzAiOnsiY3JlYXRlIjoxODAwMDAwMDAwMDAwLCJkZWxldGUiOjE4MDAwMDAwMDAwMDAsInJlYWQiOjMwMDAwMDAwMDAwMCwidXBkYXRlIjoxODAwMDAwMDAwMDAwfX0=",
          "dependencies": [
            "azurerm_public_ip.rg",
            "azurerm_resource_group.rg",
            "azurerm_subnet.rg",
            "azurerm_virtual_network.rg"
          ]
        }
      ]
    },
    {
      "mode": "managed",
      "type": "azurerm_network_interface_security_group_association",
      "name": "rg",
      "provider": "provider[\"registry.terraform.io/hashicorp/azurerm\"]",
      "instances": [
        {
          "schema_version": 0,
          "attributes": {
            "id": "/subscriptions/f9e52baa-506a-4ef6-859c-a459fd2f3865/resourceGroups/infmon/providers/Microsoft.Network/networkInterfaces/infmon|/subscriptions/f9e52baa-506a-4ef6-859c-a459fd2f3865/resourceGroups/infmon/providers/Microsoft.Network/networkSecurityGroups/infmon-nsg",
            "network_interface_id": "/subscriptions/f9e52baa-506a-4ef6-859c-a459fd2f3865/resourceGroups/infmon/providers/Microsoft.Network/networkInterfaces/infmon",
            "network_security_group_id": "/subscriptions/f9e52baa-506a-4ef6-859c-a459fd2f3865/resourceGroups/infmon/providers/Microsoft.Network/networkSecurityGroups/infmon-nsg",
            "timeouts": null
          },
          "sensitive_attributes": [],
          "private": "eyJlMmJmYjczMC1lY2FhLTExZTYtOGY4OC0zNDM2M2JjN2M0YzAiOnsiY3JlYXRlIjoxODAwMDAwMDAwMDAwLCJkZWxldGUiOjE4MDAwMDAwMDAwMDAsInJlYWQiOjMwMDAwMDAwMDAwMCwidXBkYXRlIjoxODAwMDAwMDAwMDAwfX0=",
          "dependencies": [
            "azurerm_network_interface.rg",
            "azurerm_network_security_group.rg",
            "azurerm_public_ip.rg",
            "azurerm_resource_group.rg",
            "azurerm_subnet.rg",
            "azurerm_virtual_network.rg"
          ]
        }
      ]
    },
    {
      "mode": "managed",
      "type": "azurerm_network_security_group",
      "name": "rg",
      "provider": "provider[\"registry.terraform.io/hashicorp/azurerm\"]",
      "instances": [
        {
          "schema_version": 0,
          "attributes": {
            "id": "/subscriptions/f9e52baa-506a-4ef6-859c-a459fd2f3865/resourceGroups/infmon/providers/Microsoft.Network/networkSecurityGroups/infmon-nsg",
            "location": "koreacentral",
            "name": "infmon-nsg",
            "resource_group_name": "infmon",
            "security_rule": [
              {
                "access": "Allow",
                "description": "",
                "destination_address_prefix": "*",
                "destination_address_prefixes": [],
                "destination_application_security_group_ids": [],
                "destination_port_range": "22",
                "destination_port_ranges": [],
                "direction": "Inbound",
                "name": "Allow-SSH",
                "priority": 1000,
                "protocol": "Tcp",
                "source_address_prefix": "*",
                "source_address_prefixes": [],
                "source_application_security_group_ids": [],
                "source_port_range": "*",
                "source_port_ranges": []
              },
              {
                "access": "Allow",
                "description": "",
                "destination_address_prefix": "*",
                "destination_address_prefixes": [],
                "destination_application_security_group_ids": [],
                "destination_port_range": "30663",
                "destination_port_ranges": [],
                "direction": "Inbound",
                "name": "Allow-ArgoCD",
                "priority": 1001,
                "protocol": "Tcp",
                "source_address_prefix": "*",
                "source_address_prefixes": [],
                "source_application_security_group_ids": [],
                "source_port_range": "*",
                "source_port_ranges": []
              },
              {
                "access": "Allow",
                "description": "",
                "destination_address_prefix": "*",
                "destination_address_prefixes": [],
                "destination_application_security_group_ids": [],
                "destination_port_range": "30933",
                "destination_port_ranges": [],
                "direction": "Inbound",
                "name": "Allow-Prometheus",
                "priority": 1003,
                "protocol": "Tcp",
                "source_address_prefix": "*",
                "source_address_prefixes": [],
                "source_application_security_group_ids": [],
                "source_port_range": "*",
                "source_port_ranges": []
              },
              {
                "access": "Allow",
                "description": "",
                "destination_address_prefix": "*",
                "destination_address_prefixes": [],
                "destination_application_security_group_ids": [],
                "destination_port_range": "31176",
                "destination_port_ranges": [],
                "direction": "Inbound",
                "name": "Allow-Grafana",
                "priority": 1002,
                "protocol": "Tcp",
                "source_address_prefix": "*",
                "source_address_prefixes": [],
                "source_application_security_group_ids": [],
                "source_port_range": "*",
                "source_port_ranges": []
              }
            ],
            "tags": {},
            "timeouts": null
          },
          "sensitive_attributes": [],
          "private": "eyJlMmJmYjczMC1lY2FhLTExZTYtOGY4OC0zNDM2M2JjN2M0YzAiOnsiY3JlYXRlIjoxODAwMDAwMDAwMDAwLCJkZWxldGUiOjE4MDAwMDAwMDAwMDAsInJlYWQiOjMwMDAwMDAwMDAwMCwidXBkYXRlIjoxODAwMDAwMDAwMDAwfX0=",
          "dependencies": [
            "azurerm_resource_group.rg"
          ]
        }
      ]
    },
    {
      "mode": "managed",
      "type": "azurerm_network_security_rule",
      "name": "argocd",
      "provider": "provider[\"registry.terraform.io/hashicorp/azurerm\"]",
      "instances": [
        {
          "schema_version": 0,
          "attributes": {
            "access": "Allow",
            "description": "",
            "destination_address_prefix": "*",
            "destination_address_prefixes": [],
            "destination_application_security_group_ids": [],
            "destination_port_range": "30663",
            "destination_port_ranges": [],
            "direction": "Inbound",
            "id": "/subscriptions/f9e52baa-506a-4ef6-859c-a459fd2f3865/resourceGroups/infmon/providers/Microsoft.Network/networkSecurityGroups/infmon-nsg/securityRules/Allow-ArgoCD",
            "name": "Allow-ArgoCD",
            "network_security_group_name": "infmon-nsg",
            "priority": 1001,
            "protocol": "Tcp",
            "resource_group_name": "infmon",
            "source_address_prefix": "*",
            "source_address_prefixes": [],
            "source_application_security_group_ids": [],
            "source_port_range": "*",
            "source_port_ranges": [],
            "timeouts": null
          },
          "sensitive_attributes": [],
          "private": "eyJlMmJmYjczMC1lY2FhLTExZTYtOGY4OC0zNDM2M2JjN2M0YzAiOnsiY3JlYXRlIjoxODAwMDAwMDAwMDAwLCJkZWxldGUiOjE4MDAwMDAwMDAwMDAsInJlYWQiOjMwMDAwMDAwMDAwMCwidXBkYXRlIjoxODAwMDAwMDAwMDAwfX0=",
          "dependencies": [
            "azurerm_network_security_group.rg",
            "azurerm_resource_group.rg"
          ]
        }
      ]
    },
    {
      "mode": "managed",
      "type": "azurerm_network_security_rule",
      "name": "grafana",
      "provider": "provider[\"registry.terraform.io/hashicorp/azurerm\"]",
      "instances": [
        {
          "schema_version": 0,
          "attributes": {
            "access": "Allow",
            "description": "",
            "destination_address_prefix": "*",
            "destination_address_prefixes": [],
            "destination_application_security_group_ids": [],
            "destination_port_range": "31176",
            "destination_port_ranges": [],
            "direction": "Inbound",
            "id": "/subscriptions/f9e52baa-506a-4ef6-859c-a459fd2f3865/resourceGroups/infmon/providers/Microsoft.Network/networkSecurityGroups/infmon-nsg/securityRules/Allow-Grafana",
            "name": "Allow-Grafana",
            "network_security_group_name": "infmon-nsg",
            "priority": 1002,
            "protocol": "Tcp",
            "resource_group_name": "infmon",
            "source_address_prefix": "*",
            "source_address_prefixes": [],
            "source_application_security_group_ids": [],
            "source_port_range": "*",
            "source_port_ranges": [],
            "timeouts": null
          },
          "sensitive_attributes": [],
          "private": "eyJlMmJmYjczMC1lY2FhLTExZTYtOGY4OC0zNDM2M2JjN2M0YzAiOnsiY3JlYXRlIjoxODAwMDAwMDAwMDAwLCJkZWxldGUiOjE4MDAwMDAwMDAwMDAsInJlYWQiOjMwMDAwMDAwMDAwMCwidXBkYXRlIjoxODAwMDAwMDAwMDAwfX0=",
          "dependencies": [
            "azurerm_network_security_group.rg",
            "azurerm_resource_group.rg"
          ]
        }
      ]
    },
    {
      "mode": "managed",
      "type": "azurerm_network_security_rule",
      "name": "prometheus",
      "provider": "provider[\"registry.terraform.io/hashicorp/azurerm\"]",
      "instances": [
        {
          "schema_version": 0,
          "attributes": {
            "access": "Allow",
            "description": "",
            "destination_address_prefix": "*",
            "destination_address_prefixes": [],
            "destination_application_security_group_ids": [],
            "destination_port_range": "30933",
            "destination_port_ranges": [],
            "direction": "Inbound",
            "id": "/subscriptions/f9e52baa-506a-4ef6-859c-a459fd2f3865/resourceGroups/infmon/providers/Microsoft.Network/networkSecurityGroups/infmon-nsg/securityRules/Allow-Prometheus",
            "name": "Allow-Prometheus",
            "network_security_group_name": "infmon-nsg",
            "priority": 1003,
            "protocol": "Tcp",
            "resource_group_name": "infmon",
            "source_address_prefix": "*",
            "source_address_prefixes": [],
            "source_application_security_group_ids": [],
            "source_port_range": "*",
            "source_port_ranges": [],
            "timeouts": null
          },
          "sensitive_attributes": [],
          "private": "eyJlMmJmYjczMC1lY2FhLTExZTYtOGY4OC0zNDM2M2JjN2M0YzAiOnsiY3JlYXRlIjoxODAwMDAwMDAwMDAwLCJkZWxldGUiOjE4MDAwMDAwMDAwMDAsInJlYWQiOjMwMDAwMDAwMDAwMCwidXBkYXRlIjoxODAwMDAwMDAwMDAwfX0=",
          "dependencies": [
            "azurerm_network_security_group.rg",
            "azurerm_resource_group.rg"
          ]
        }
      ]
    },
    {
      "mode": "managed",
      "type": "azurerm_network_security_rule",
      "name": "ssh",
      "provider": "provider[\"registry.terraform.io/hashicorp/azurerm\"]",
      "instances": [
        {
          "schema_version": 0,
          "attributes": {
            "access": "Allow",
            "description": "",
            "destination_address_prefix": "*",
            "destination_address_prefixes": [],
            "destination_application_security_group_ids": [],
            "destination_port_range": "22",
            "destination_port_ranges": [],
            "direction": "Inbound",
            "id": "/subscriptions/f9e52baa-506a-4ef6-859c-a459fd2f3865/resourceGroups/infmon/providers/Microsoft.Network/networkSecurityGroups/infmon-nsg/securityRules/Allow-SSH",
            "name": "Allow-SSH",
            "network_security_group_name": "infmon-nsg",
            "priority": 1000,
            "protocol": "Tcp",
            "resource_group_name": "infmon",
            "source_address_prefix": "*",
            "source_address_prefixes": [],
            "source_application_security_group_ids": [],
            "source_port_range": "*",
            "source_port_ranges": [],
            "timeouts": null
          },
          "sensitive_attributes": [],
          "private": "eyJlMmJmYjczMC1lY2FhLTExZTYtOGY4OC0zNDM2M2JjN2M0YzAiOnsiY3JlYXRlIjoxODAwMDAwMDAwMDAwLCJkZWxldGUiOjE4MDAwMDAwMDAwMDAsInJlYWQiOjMwMDAwMDAwMDAwMCwidXBkYXRlIjoxODAwMDAwMDAwMDAwfX0=",
          "dependencies": [
            "azurerm_network_security_group.rg",
            "azurerm_resource_group.rg"
          ]
        }
      ]
    },
    {
      "mode": "managed",
      "type": "azurerm_public_ip",
      "name": "rg",
      "provider": "provider[\"registry.terraform.io/hashicorp/azurerm\"]",
      "instances": [
        {
          "schema_version": 0,
          "attributes": {
            "allocation_method": "Dynamic",
            "domain_name_label": null,
            "edge_zone": "",
            "fqdn": null,
            "id": "/subscriptions/f9e52baa-506a-4ef6-859c-a459fd2f3865/resourceGroups/infmon/providers/Microsoft.Network/publicIPAddresses/infmon",
            "idle_timeout_in_minutes": 4,
            "ip_address": "4.230.3.68",
            "ip_tags": {},
            "ip_version": "IPv4",
            "location": "koreacentral",
            "name": "infmon",
            "public_ip_prefix_id": null,
            "resource_group_name": "infmon",
            "reverse_fqdn": null,
            "sku": "Basic",
            "sku_tier": "Regional",
            "tags": {},
            "timeouts": null,
            "zones": []
          },
          "sensitive_attributes": [],
          "private": "eyJlMmJmYjczMC1lY2FhLTExZTYtOGY4OC0zNDM2M2JjN2M0YzAiOnsiY3JlYXRlIjoxODAwMDAwMDAwMDAwLCJkZWxldGUiOjE4MDAwMDAwMDAwMDAsInJlYWQiOjMwMDAwMDAwMDAwMCwidXBkYXRlIjoxODAwMDAwMDAwMDAwfX0=",
          "dependencies": [
            "azurerm_resource_group.rg"
          ]
        }
      ]
    },
    {
      "mode": "managed",
      "type": "azurerm_resource_group",
      "name": "rg",
      "provider": "provider[\"registry.terraform.io/hashicorp/azurerm\"]",
      "instances": [
        {
          "schema_version": 0,
          "attributes": {
            "id": "/subscriptions/f9e52baa-506a-4ef6-859c-a459fd2f3865/resourceGroups/infmon",
            "location": "koreacentral",
            "name": "infmon",
            "tags": {},
            "timeouts": null
          },
          "sensitive_attributes": [],
          "private": "eyJlMmJmYjczMC1lY2FhLTExZTYtOGY4OC0zNDM2M2JjN2M0YzAiOnsiY3JlYXRlIjo1NDAwMDAwMDAwMDAwLCJkZWxldGUiOjU0MDAwMDAwMDAwMDAsInJlYWQiOjMwMDAwMDAwMDAwMCwidXBkYXRlIjo1NDAwMDAwMDAwMDAwfX0="
        }
      ]
    },
    {
      "mode": "managed",
      "type": "azurerm_subnet",
      "name": "rg",
      "provider": "provider[\"registry.terraform.io/hashicorp/azurerm\"]",
      "instances": [
        {
          "schema_version": 0,
          "attributes": {
            "address_prefixes": [
              "10.0.1.0/24"
            ],
            "delegation": [],
            "enforce_private_link_endpoint_network_policies": false,
            "enforce_private_link_service_network_policies": false,
            "id": "/subscriptions/f9e52baa-506a-4ef6-859c-a459fd2f3865/resourceGroups/infmon/providers/Microsoft.Network/virtualNetworks/infmon/subnets/infmon",
            "name": "infmon",
            "resource_group_name": "infmon",
            "service_endpoint_policy_ids": [],
            "service_endpoints": [],
            "timeouts": null,
            "virtual_network_name": "infmon"
          },
          "sensitive_attributes": [],
          "private": "eyJlMmJmYjczMC1lY2FhLTExZTYtOGY4OC0zNDM2M2JjN2M0YzAiOnsiY3JlYXRlIjoxODAwMDAwMDAwMDAwLCJkZWxldGUiOjE4MDAwMDAwMDAwMDAsInJlYWQiOjMwMDAwMDAwMDAwMCwidXBkYXRlIjoxODAwMDAwMDAwMDAwfX0=",
          "dependencies": [
            "azurerm_resource_group.rg",
            "azurerm_virtual_network.rg"
          ]
        }
      ]
    },
    {
      "mode": "managed",
      "type": "azurerm_virtual_network",
      "name": "rg",
      "provider": "provider[\"registry.terraform.io/hashicorp/azurerm\"]",
      "instances": [
        {
          "schema_version": 0,
          "attributes": {
            "address_space": [
              "10.0.0.0/16"
            ],
            "bgp_community": "",
            "ddos_protection_plan": [],
            "dns_servers": [],
            "edge_zone": "",
            "flow_timeout_in_minutes": 0,
            "guid": "8f5a3c7e-db0d-4ae6-ac9b-5f72cf451dea",
            "id": "/subscriptions/f9e52baa-506a-4ef6-859c-a459fd2f3865/resourceGroups/infmon/providers/Microsoft.Network/virtualNetworks/infmon",
            "location": "koreacentral",
            "name": "infmon",
            "resource_group_name": "infmon",
            "subnet": [
              {
                "address_prefix": "10.0.1.0/24",
                "id": "/subscriptions/f9e52baa-506a-4ef6-859c-a459fd2f3865/resourceGroups/infmon/providers/Microsoft.Network/virtualNetworks/infmon/subnets/infmon",
                "name": "infmon",
                "security_group": ""
              }
            ],
            "tags": {},
            "timeouts": null
          },
          "sensitive_attributes": [],
          "private": "eyJlMmJmYjczMC1lY2FhLTExZTYtOGY4OC0zNDM2M2JjN2M0YzAiOnsiY3JlYXRlIjoxODAwMDAwMDAwMDAwLCJkZWxldGUiOjE4MDAwMDAwMDAwMDAsInJlYWQiOjMwMDAwMDAwMDAwMCwidXBkYXRlIjoxODAwMDAwMDAwMDAwfX0=",
          "dependencies": [
            "azurerm_resource_group.rg"
          ]
        }
      ]
    }
  ],
  "check_results": null
}
